
Microsoft Visual Studio Solution File, Format Version 12.00
# Visual Studio Version 17
VisualStudioVersion = 17.0.32112.339
MinimumVisualStudioVersion = 10.0.40219.1
Project("{2150E333-8FDC-42A3-9474-1A3956D46DE8}") = "Services", "Services", "{9DADCA14-BCA5-4941-9152-D80A12B8E126}"
EndProject
Project("{2150E333-8FDC-42A3-9474-1A3956D46DE8}") = "Gateway", "Gateway", "{ECB6F716-E165-4E44-BDF1-39316441125E}"
EndProject
Project("{2150E333-8FDC-42A3-9474-1A3956D46DE8}") = "Shared", "Shared", "{F4E1E68C-294C-4A86-B208-B49C8378457C}"
EndProject
Project("{2150E333-8FDC-42A3-9474-1A3956D46DE8}") = "Posts", "Posts", "{DC17AAE4-F60F-44DE-9A46-ABBD83097955}"
EndProject
Project("{2150E333-8FDC-42A3-9474-1A3956D46DE8}") = "Comments", "Comments", "{5ADED1A7-BB6D-4448-A6B0-107C144EED41}"
EndProject
Project("{2150E333-8FDC-42A3-9474-1A3956D46DE8}") = "Accounts", "Accounts", "{59566BBC-E395-4452-98D9-47E558732EFE}"
EndProject
Project("{2150E333-8FDC-42A3-9474-1A3956D46DE8}") = "Files", "Files", "{F2DCED2D-8919-4F3C-B00F-7AF0214EDC21}"
EndProject
Project("{2150E333-8FDC-42A3-9474-1A3956D46DE8}") = "Identity", "Identity", "{A682C713-A30C-4073-BCBD-387921C1BB64}"
EndProject
Project("{9A19103F-16F7-4668-BE54-9A1E7A4F7556}") = "Accounts.API", "Services\Accounts\Accounts.API\Accounts.API.csproj", "{EAEBCF42-6BCA-4DA6-9CD7-D7C27571F8BD}"
EndProject
Project("{9A19103F-16F7-4668-BE54-9A1E7A4F7556}") = "Accounts.Application", "Services\Accounts\Accounts.Application\Accounts.Application.csproj", "{392EB367-8A56-44CB-BBB9-E09C5832D217}"
EndProject
Project("{9A19103F-16F7-4668-BE54-9A1E7A4F7556}") = "Accounts.Domain", "Services\Accounts\Accounts.Domain\Accounts.Domain.csproj", "{76163259-8742-42FF-AF8E-DEA67C6A6731}"
EndProject
Project("{9A19103F-16F7-4668-BE54-9A1E7A4F7556}") = "Accounts.Infrastructure", "Services\Accounts\Accounts.Infrastructure\Accounts.Infrastructure.csproj", "{EA1B55D2-4C0E-432E-8B9C-E7FBD0ECD352}"
EndProject
Project("{9A19103F-16F7-4668-BE54-9A1E7A4F7556}") = "Comments.API", "Services\Comments\Comments.API\Comments.API.csproj", "{6E9691F2-7704-4C2D-96DE-E8248C27B039}"
EndProject
Project("{9A19103F-16F7-4668-BE54-9A1E7A4F7556}") = "Comments.BusinessLogic", "Services\Comments\Comments.BusinessLogic\Comments.BusinessLogic.csproj", "{EC5BFB23-CC2A-44C0-BD08-8C130DD9F25A}"
EndProject
Project("{9A19103F-16F7-4668-BE54-9A1E7A4F7556}") = "Comments.DataAccess", "Services\Comments\Comments.DataAccess\Comments.DataAccess.csproj", "{53D0CB49-B034-4174-8605-4D49B127FBAE}"
EndProject
Project("{9A19103F-16F7-4668-BE54-9A1E7A4F7556}") = "Files.API", "Services\Files\Files.API.csproj", "{2B82DC65-0F78-48BE-B86C-E6BAA67F20F0}"
EndProject
Project("{9A19103F-16F7-4668-BE54-9A1E7A4F7556}") = "Posts.API", "Services\Posts\Posts.API\Posts.API.csproj", "{8295A54F-910F-43E4-82B9-7EA62EA57FC3}"
EndProject
Project("{9A19103F-16F7-4668-BE54-9A1E7A4F7556}") = "Posts.BusinessLogic", "Services\Posts\Posts.BusinessLogic\Posts.BusinessLogic.csproj", "{510D08E2-9895-4452-9FE6-7876F94A9C87}"
EndProject
Project("{9A19103F-16F7-4668-BE54-9A1E7A4F7556}") = "Posts.DataAccess", "Services\Posts\Posts.DataAccess\Posts.DataAccess.csproj", "{9A9748D0-6895-4DA7-9BC6-A5F05D3D7317}"
EndProject
Project("{9A19103F-16F7-4668-BE54-9A1E7A4F7556}") = "Aggregator", "Gateway\Aggregator\Aggregator.csproj", "{0765F806-C408-4A91-9E61-D4EF859836CE}"
EndProject
Project("{9A19103F-16F7-4668-BE54-9A1E7A4F7556}") = "ApiGateway", "Gateway\ApiGateway\ApiGateway.csproj", "{346E6005-CAF8-4B74-9E66-D78B41E4E2DB}"
EndProject
Project("{E53339B2-1760-4266-BCC7-CA923CBCF16C}") = "docker-compose", "docker-compose.dcproj", "{D7BE5E3F-A476-4D4B-A573-5FA4207F91C8}"
EndProject
Global
	GlobalSection(SolutionConfigurationPlatforms) = preSolution
		Debug|Any CPU = Debug|Any CPU
		Release|Any CPU = Release|Any CPU
	EndGlobalSection
	GlobalSection(ProjectConfigurationPlatforms) = postSolution
		{EAEBCF42-6BCA-4DA6-9CD7-D7C27571F8BD}.Debug|Any CPU.ActiveCfg = Debug|Any CPU
		{EAEBCF42-6BCA-4DA6-9CD7-D7C27571F8BD}.Debug|Any CPU.Build.0 = Debug|Any CPU
		{EAEBCF42-6BCA-4DA6-9CD7-D7C27571F8BD}.Release|Any CPU.ActiveCfg = Release|Any CPU
		{EAEBCF42-6BCA-4DA6-9CD7-D7C27571F8BD}.Release|Any CPU.Build.0 = Release|Any CPU
		{392EB367-8A56-44CB-BBB9-E09C5832D217}.Debug|Any CPU.ActiveCfg = Debug|Any CPU
		{392EB367-8A56-44CB-BBB9-E09C5832D217}.Debug|Any CPU.Build.0 = Debug|Any CPU
		{392EB367-8A56-44CB-BBB9-E09C5832D217}.Release|Any CPU.ActiveCfg = Release|Any CPU
		{392EB367-8A56-44CB-BBB9-E09C5832D217}.Release|Any CPU.Build.0 = Release|Any CPU
		{76163259-8742-42FF-AF8E-DEA67C6A6731}.Debug|Any CPU.ActiveCfg = Debug|Any CPU
		{76163259-8742-42FF-AF8E-DEA67C6A6731}.Debug|Any CPU.Build.0 = Debug|Any CPU
		{76163259-8742-42FF-AF8E-DEA67C6A6731}.Release|Any CPU.ActiveCfg = Release|Any CPU
		{76163259-8742-42FF-AF8E-DEA67C6A6731}.Release|Any CPU.Build.0 = Release|Any CPU
		{EA1B55D2-4C0E-432E-8B9C-E7FBD0ECD352}.Debug|Any CPU.ActiveCfg = Debug|Any CPU
		{EA1B55D2-4C0E-432E-8B9C-E7FBD0ECD352}.Debug|Any CPU.Build.0 = Debug|Any CPU
		{EA1B55D2-4C0E-432E-8B9C-E7FBD0ECD352}.Release|Any CPU.ActiveCfg = Release|Any CPU
		{EA1B55D2-4C0E-432E-8B9C-E7FBD0ECD352}.Release|Any CPU.Build.0 = Release|Any CPU
		{6E9691F2-7704-4C2D-96DE-E8248C27B039}.Debug|Any CPU.ActiveCfg = Debug|Any CPU
		{6E9691F2-7704-4C2D-96DE-E8248C27B039}.Debug|Any CPU.Build.0 = Debug|Any CPU
		{6E9691F2-7704-4C2D-96DE-E8248C27B039}.Release|Any CPU.ActiveCfg = Release|Any CPU
		{6E9691F2-7704-4C2D-96DE-E8248C27B039}.Release|Any CPU.Build.0 = Release|Any CPU
		{EC5BFB23-CC2A-44C0-BD08-8C130DD9F25A}.Debug|Any CPU.ActiveCfg = Debug|Any CPU
		{EC5BFB23-CC2A-44C0-BD08-8C130DD9F25A}.Debug|Any CPU.Build.0 = Debug|Any CPU
		{EC5BFB23-CC2A-44C0-BD08-8C130DD9F25A}.Release|Any CPU.ActiveCfg = Release|Any CPU
		{EC5BFB23-CC2A-44C0-BD08-8C130DD9F25A}.Release|Any CPU.Build.0 = Release|Any CPU
		{53D0CB49-B034-4174-8605-4D49B127FBAE}.Debug|Any CPU.ActiveCfg = Debug|Any CPU
		{53D0CB49-B034-4174-8605-4D49B127FBAE}.Debug|Any CPU.Build.0 = Debug|Any CPU
		{53D0CB49-B034-4174-8605-4D49B127FBAE}.Release|Any CPU.ActiveCfg = Release|Any CPU
		{53D0CB49-B034-4174-8605-4D49B127FBAE}.Release|Any CPU.Build.0 = Release|Any CPU
		{2B82DC65-0F78-48BE-B86C-E6BAA67F20F0}.Debug|Any CPU.ActiveCfg = Debug|Any CPU
		{2B82DC65-0F78-48BE-B86C-E6BAA67F20F0}.Debug|Any CPU.Build.0 = Debug|Any CPU
		{2B82DC65-0F78-48BE-B86C-E6BAA67F20F0}.Release|Any CPU.ActiveCfg = Release|Any CPU
		{2B82DC65-0F78-48BE-B86C-E6BAA67F20F0}.Release|Any CPU.Build.0 = Release|Any CPU
		{8295A54F-910F-43E4-82B9-7EA62EA57FC3}.Debug|Any CPU.ActiveCfg = Debug|Any CPU
		{8295A54F-910F-43E4-82B9-7EA62EA57FC3}.Debug|Any CPU.Build.0 = Debug|Any CPU
		{8295A54F-910F-43E4-82B9-7EA62EA57FC3}.Release|Any CPU.ActiveCfg = Release|Any CPU
		{8295A54F-910F-43E4-82B9-7EA62EA57FC3}.Release|Any CPU.Build.0 = Release|Any CPU
		{510D08E2-9895-4452-9FE6-7876F94A9C87}.Debug|Any CPU.ActiveCfg = Debug|Any CPU
		{510D08E2-9895-4452-9FE6-7876F94A9C87}.Debug|Any CPU.Build.0 = Debug|Any CPU
		{510D08E2-9895-4452-9FE6-7876F94A9C87}.Release|Any CPU.ActiveCfg = Release|Any CPU
		{510D08E2-9895-4452-9FE6-7876F94A9C87}.Release|Any CPU.Build.0 = Release|Any CPU
		{9A9748D0-6895-4DA7-9BC6-A5F05D3D7317}.Debug|Any CPU.ActiveCfg = Debug|Any CPU
		{9A9748D0-6895-4DA7-9BC6-A5F05D3D7317}.Debug|Any CPU.Build.0 = Debug|Any CPU
		{9A9748D0-6895-4DA7-9BC6-A5F05D3D7317}.Release|Any CPU.ActiveCfg = Release|Any CPU
		{9A9748D0-6895-4DA7-9BC6-A5F05D3D7317}.Release|Any CPU.Build.0 = Release|Any CPU
		{0765F806-C408-4A91-9E61-D4EF859836CE}.Debug|Any CPU.ActiveCfg = Debug|Any CPU
		{0765F806-C408-4A91-9E61-D4EF859836CE}.Debug|Any CPU.Build.0 = Debug|Any CPU
		{0765F806-C408-4A91-9E61-D4EF859836CE}.Release|Any CPU.ActiveCfg = Release|Any CPU
		{0765F806-C408-4A91-9E61-D4EF859836CE}.Release|Any CPU.Build.0 = Release|Any CPU
		{346E6005-CAF8-4B74-9E66-D78B41E4E2DB}.Debug|Any CPU.ActiveCfg = Debug|Any CPU
		{346E6005-CAF8-4B74-9E66-D78B41E4E2DB}.Debug|Any CPU.Build.0 = Debug|Any CPU
		{346E6005-CAF8-4B74-9E66-D78B41E4E2DB}.Release|Any CPU.ActiveCfg = Release|Any CPU
		{346E6005-CAF8-4B74-9E66-D78B41E4E2DB}.Release|Any CPU.Build.0 = Release|Any CPU
		{D7BE5E3F-A476-4D4B-A573-5FA4207F91C8}.Debug|Any CPU.ActiveCfg = Debug|Any CPU
		{D7BE5E3F-A476-4D4B-A573-5FA4207F91C8}.Debug|Any CPU.Build.0 = Debug|Any CPU
		{D7BE5E3F-A476-4D4B-A573-5FA4207F91C8}.Release|Any CPU.ActiveCfg = Release|Any CPU
		{D7BE5E3F-A476-4D4B-A573-5FA4207F91C8}.Release|Any CPU.Build.0 = Release|Any CPU
	EndGlobalSection
	GlobalSection(SolutionProperties) = preSolution
		HideSolutionNode = FALSE
	EndGlobalSection
	GlobalSection(NestedProjects) = preSolution
		{DC17AAE4-F60F-44DE-9A46-ABBD83097955} = {9DADCA14-BCA5-4941-9152-D80A12B8E126}
		{5ADED1A7-BB6D-4448-A6B0-107C144EED41} = {9DADCA14-BCA5-4941-9152-D80A12B8E126}
		{59566BBC-E395-4452-98D9-47E558732EFE} = {9DADCA14-BCA5-4941-9152-D80A12B8E126}
		{F2DCED2D-8919-4F3C-B00F-7AF0214EDC21} = {9DADCA14-BCA5-4941-9152-D80A12B8E126}
		{A682C713-A30C-4073-BCBD-387921C1BB64} = {9DADCA14-BCA5-4941-9152-D80A12B8E126}
		{EAEBCF42-6BCA-4DA6-9CD7-D7C27571F8BD} = {59566BBC-E395-4452-98D9-47E558732EFE}
		{392EB367-8A56-44CB-BBB9-E09C5832D217} = {59566BBC-E395-4452-98D9-47E558732EFE}
		{76163259-8742-42FF-AF8E-DEA67C6A6731} = {59566BBC-E395-4452-98D9-47E558732EFE}
		{EA1B55D2-4C0E-432E-8B9C-E7FBD0ECD352} = {59566BBC-E395-4452-98D9-47E558732EFE}
		{6E9691F2-7704-4C2D-96DE-E8248C27B039} = {5ADED1A7-BB6D-4448-A6B0-107C144EED41}
		{EC5BFB23-CC2A-44C0-BD08-8C130DD9F25A} = {5ADED1A7-BB6D-4448-A6B0-107C144EED41}
		{53D0CB49-B034-4174-8605-4D49B127FBAE} = {5ADED1A7-BB6D-4448-A6B0-107C144EED41}
		{2B82DC65-0F78-48BE-B86C-E6BAA67F20F0} = {F2DCED2D-8919-4F3C-B00F-7AF0214EDC21}
		{8295A54F-910F-43E4-82B9-7EA62EA57FC3} = {DC17AAE4-F60F-44DE-9A46-ABBD83097955}
		{510D08E2-9895-4452-9FE6-7876F94A9C87} = {DC17AAE4-F60F-44DE-9A46-ABBD83097955}
		{9A9748D0-6895-4DA7-9BC6-A5F05D3D7317} = {DC17AAE4-F60F-44DE-9A46-ABBD83097955}
		{0765F806-C408-4A91-9E61-D4EF859836CE} = {ECB6F716-E165-4E44-BDF1-39316441125E}
		{346E6005-CAF8-4B74-9E66-D78B41E4E2DB} = {ECB6F716-E165-4E44-BDF1-39316441125E}
	EndGlobalSection
	GlobalSection(ExtensibilityGlobals) = postSolution
		SolutionGuid = {06080E3D-2D12-4DBA-B4B0-C52347BB092F}
	EndGlobalSection
EndGlobal
